
Microsoft Visual Studio Solution File, Format Version 12.00
# Visual Studio Version 17
VisualStudioVersion = 17.3.32804.467
MinimumVisualStudioVersion = 10.0.40219.1
Project("{FAE04EC0-301F-11D3-BF4B-00C04F79EFBC}") = "Seance3_2", "Seance3_2\Seance3_2.csproj", "{659F3B85-6DFE-45F8-8CE9-F6A3B496B487}"
EndProject
Global
	GlobalSection(SolutionConfigurationPlatforms) = preSolution
		Debug|Any CPU = Debug|Any CPU
		Release|Any CPU = Release|Any CPU
	EndGlobalSection
	GlobalSection(ProjectConfigurationPlatforms) = postSolution
		{659F3B85-6DFE-45F8-8CE9-F6A3B496B487}.Debug|Any CPU.ActiveCfg = Debug|Any CPU
		{659F3B85-6DFE-45F8-8CE9-F6A3B496B487}.Debug|Any CPU.Build.0 = Debug|Any CPU
		{659F3B85-6DFE-45F8-8CE9-F6A3B496B487}.Release|Any CPU.ActiveCfg = Release|Any CPU
		{659F3B85-6DFE-45F8-8CE9-F6A3B496B487}.Release|Any CPU.Build.0 = Release|Any CPU
	EndGlobalSection
	GlobalSection(SolutionProperties) = preSolution
		HideSolutionNode = FALSE
	EndGlobalSection
	GlobalSection(ExtensibilityGlobals) = postSolution
		SolutionGuid = {E7F3C0B7-A7E0-472E-9B2F-094FC010931C}
	EndGlobalSection
EndGlobal
